
Microsoft Visual Studio Solution File, Format Version 12.00
# Visual Studio Version 16
VisualStudioVersion = 16.0.31702.278
MinimumVisualStudioVersion = 10.0.40219.1
Project("{FAE04EC0-301F-11D3-BF4B-00C04F79EFBC}") = "PMS_05", "PMS_05\PMS_05.csproj", "{11089CB6-8F63-4524-907E-E883E2A47817}"
EndProject
Global
	GlobalSection(SolutionConfigurationPlatforms) = preSolution
		Debug|Any CPU = Debug|Any CPU
		Release|Any CPU = Release|Any CPU
	EndGlobalSection
	GlobalSection(ProjectConfigurationPlatforms) = postSolution
		{11089CB6-8F63-4524-907E-E883E2A47817}.Debug|Any CPU.ActiveCfg = Debug|Any CPU
		{11089CB6-8F63-4524-907E-E883E2A47817}.Debug|Any CPU.Build.0 = Debug|Any CPU
		{11089CB6-8F63-4524-907E-E883E2A47817}.Release|Any CPU.ActiveCfg = Release|Any CPU
		{11089CB6-8F63-4524-907E-E883E2A47817}.Release|Any CPU.Build.0 = Release|Any CPU
	EndGlobalSection
	GlobalSection(SolutionProperties) = preSolution
		HideSolutionNode = FALSE
	EndGlobalSection
	GlobalSection(ExtensibilityGlobals) = postSolution
		SolutionGuid = {E008F158-80D5-4ABC-A6D1-87BBC04638C9}
	EndGlobalSection
EndGlobal
